
Microsoft Visual Studio Solution File, Format Version 12.00
Project("{FAE04EC0-301F-11D3-BF4B-00C04F79EFBC}") = "School.Services.Identity", "School.Services.Identity\School.Services.Identity.csproj", "{5CF09CC9-1EA7-40A2-A7CD-E870128B881F}"
EndProject
Project("{2150E333-8FDC-42A3-9474-1A3956D46DE8}") = "Solution Items", "Solution Items", "{6D42BD69-6C1A-46D0-B689-03A616DC6BF2}"
	ProjectSection(SolutionItems) = preProject
		.gitignore = .gitignore
		Dockerfile = Dockerfile
		.dockerignore = .dockerignore
	EndProjectSection
EndProject
Global
	GlobalSection(SolutionConfigurationPlatforms) = preSolution
		Debug|Any CPU = Debug|Any CPU
		Release|Any CPU = Release|Any CPU
	EndGlobalSection
	GlobalSection(ProjectConfigurationPlatforms) = postSolution
		{5CF09CC9-1EA7-40A2-A7CD-E870128B881F}.Debug|Any CPU.ActiveCfg = Debug|Any CPU
		{5CF09CC9-1EA7-40A2-A7CD-E870128B881F}.Debug|Any CPU.Build.0 = Debug|Any CPU
		{5CF09CC9-1EA7-40A2-A7CD-E870128B881F}.Release|Any CPU.ActiveCfg = Release|Any CPU
		{5CF09CC9-1EA7-40A2-A7CD-E870128B881F}.Release|Any CPU.Build.0 = Release|Any CPU
	EndGlobalSection
EndGlobal
